
Microsoft Visual Studio Solution File, Format Version 12.00
# Visual Studio Version 17
VisualStudioVersion = 17.6.33801.468
MinimumVisualStudioVersion = 10.0.40219.1
Project("{8BC9CEB8-8B4A-11D0-8D11-00A0C91BC942}") = "water_pump_nano", "water_pump_nano\water_pump_nano.vcxproj", "{64AAB8F7-DEF7-4489-91B9-AB20BDF1F929}"
EndProject
Global
	GlobalSection(SolutionConfigurationPlatforms) = preSolution
		Debug|ARM = Debug|ARM
		Debug|ARM64 = Debug|ARM64
		Debug|x64 = Debug|x64
		Debug|x86 = Debug|x86
		Release|ARM = Release|ARM
		Release|ARM64 = Release|ARM64
		Release|x64 = Release|x64
		Release|x86 = Release|x86
	EndGlobalSection
	GlobalSection(ProjectConfigurationPlatforms) = postSolution
		{64AAB8F7-DEF7-4489-91B9-AB20BDF1F929}.Debug|ARM.ActiveCfg = Debug|ARM
		{64AAB8F7-DEF7-4489-91B9-AB20BDF1F929}.Debug|ARM.Build.0 = Debug|ARM
		{64AAB8F7-DEF7-4489-91B9-AB20BDF1F929}.Debug|ARM.Deploy.0 = Debug|ARM
		{64AAB8F7-DEF7-4489-91B9-AB20BDF1F929}.Debug|ARM64.ActiveCfg = Debug|ARM64
		{64AAB8F7-DEF7-4489-91B9-AB20BDF1F929}.Debug|ARM64.Build.0 = Debug|ARM64
		{64AAB8F7-DEF7-4489-91B9-AB20BDF1F929}.Debug|ARM64.Deploy.0 = Debug|ARM64
		{64AAB8F7-DEF7-4489-91B9-AB20BDF1F929}.Debug|x64.ActiveCfg = Debug|x64
		{64AAB8F7-DEF7-4489-91B9-AB20BDF1F929}.Debug|x64.Build.0 = Debug|x64
		{64AAB8F7-DEF7-4489-91B9-AB20BDF1F929}.Debug|x64.Deploy.0 = Debug|x64
		{64AAB8F7-DEF7-4489-91B9-AB20BDF1F929}.Debug|x86.ActiveCfg = Debug|x86
		{64AAB8F7-DEF7-4489-91B9-AB20BDF1F929}.Debug|x86.Build.0 = Debug|x86
		{64AAB8F7-DEF7-4489-91B9-AB20BDF1F929}.Debug|x86.Deploy.0 = Debug|x86
		{64AAB8F7-DEF7-4489-91B9-AB20BDF1F929}.Release|ARM.ActiveCfg = Release|ARM
		{64AAB8F7-DEF7-4489-91B9-AB20BDF1F929}.Release|ARM.Build.0 = Release|ARM
		{64AAB8F7-DEF7-4489-91B9-AB20BDF1F929}.Release|ARM.Deploy.0 = Release|ARM
		{64AAB8F7-DEF7-4489-91B9-AB20BDF1F929}.Release|ARM64.ActiveCfg = Release|ARM64
		{64AAB8F7-DEF7-4489-91B9-AB20BDF1F929}.Release|ARM64.Build.0 = Release|ARM64
		{64AAB8F7-DEF7-4489-91B9-AB20BDF1F929}.Release|ARM64.Deploy.0 = Release|ARM64
		{64AAB8F7-DEF7-4489-91B9-AB20BDF1F929}.Release|x64.ActiveCfg = Release|x64
		{64AAB8F7-DEF7-4489-91B9-AB20BDF1F929}.Release|x64.Build.0 = Release|x64
		{64AAB8F7-DEF7-4489-91B9-AB20BDF1F929}.Release|x64.Deploy.0 = Release|x64
		{64AAB8F7-DEF7-4489-91B9-AB20BDF1F929}.Release|x86.ActiveCfg = Release|x86
		{64AAB8F7-DEF7-4489-91B9-AB20BDF1F929}.Release|x86.Build.0 = Release|x86
		{64AAB8F7-DEF7-4489-91B9-AB20BDF1F929}.Release|x86.Deploy.0 = Release|x86
	EndGlobalSection
	GlobalSection(SolutionProperties) = preSolution
		HideSolutionNode = FALSE
	EndGlobalSection
	GlobalSection(ExtensibilityGlobals) = postSolution
		SolutionGuid = {C04CE535-342C-4EEA-A01B-2AD82724ECE0}
	EndGlobalSection
EndGlobal
